
Microsoft Visual Studio Solution File, Format Version 12.00
# Visual Studio Version 16
VisualStudioVersion = 16.0.29728.190
MinimumVisualStudioVersion = 10.0.40219.1
Project("{FAE04EC0-301F-11D3-BF4B-00C04F79EFBC}") = "FuncByOut2", "FuncByOut2\FuncByOut2.csproj", "{76C26EC4-1E29-407E-A3D0-620B7755F9AF}"
EndProject
Global
	GlobalSection(SolutionConfigurationPlatforms) = preSolution
		Debug|Any CPU = Debug|Any CPU
		Release|Any CPU = Release|Any CPU
	EndGlobalSection
	GlobalSection(ProjectConfigurationPlatforms) = postSolution
		{76C26EC4-1E29-407E-A3D0-620B7755F9AF}.Debug|Any CPU.ActiveCfg = Debug|Any CPU
		{76C26EC4-1E29-407E-A3D0-620B7755F9AF}.Debug|Any CPU.Build.0 = Debug|Any CPU
		{76C26EC4-1E29-407E-A3D0-620B7755F9AF}.Release|Any CPU.ActiveCfg = Release|Any CPU
		{76C26EC4-1E29-407E-A3D0-620B7755F9AF}.Release|Any CPU.Build.0 = Release|Any CPU
	EndGlobalSection
	GlobalSection(SolutionProperties) = preSolution
		HideSolutionNode = FALSE
	EndGlobalSection
	GlobalSection(ExtensibilityGlobals) = postSolution
		SolutionGuid = {D10CA665-83BE-4260-ABD5-4CE5AE16E13B}
	EndGlobalSection
EndGlobal
